
Microsoft Visual Studio Solution File, Format Version 12.00
# Visual Studio Version 16
VisualStudioVersion = 16.0.30002.166
MinimumVisualStudioVersion = 10.0.40219.1
Project("{FAE04EC0-301F-11D3-BF4B-00C04F79EFBC}") = "Emma", "Emma\Emma.csproj", "{2A4693A4-8AA4-440B-B655-BA7F6BC20839}"
EndProject
Project("{54435603-DBB4-11D2-8724-00A0C9A8B90C}") = "EmmaSetup", "EmmaSetup\EmmaSetup.vdproj", "{980075C4-ADE6-473A-A28D-1766492AB243}"
EndProject
Global
	GlobalSection(SolutionConfigurationPlatforms) = preSolution
		Debug|Any CPU = Debug|Any CPU
		Release|Any CPU = Release|Any CPU
	EndGlobalSection
	GlobalSection(ProjectConfigurationPlatforms) = postSolution
		{2A4693A4-8AA4-440B-B655-BA7F6BC20839}.Debug|Any CPU.ActiveCfg = Debug|Any CPU
		{2A4693A4-8AA4-440B-B655-BA7F6BC20839}.Debug|Any CPU.Build.0 = Debug|Any CPU
		{2A4693A4-8AA4-440B-B655-BA7F6BC20839}.Release|Any CPU.ActiveCfg = Release|Any CPU
		{2A4693A4-8AA4-440B-B655-BA7F6BC20839}.Release|Any CPU.Build.0 = Release|Any CPU
		{980075C4-ADE6-473A-A28D-1766492AB243}.Debug|Any CPU.ActiveCfg = Debug
		{980075C4-ADE6-473A-A28D-1766492AB243}.Release|Any CPU.ActiveCfg = Release
	EndGlobalSection
	GlobalSection(SolutionProperties) = preSolution
		HideSolutionNode = FALSE
	EndGlobalSection
	GlobalSection(ExtensibilityGlobals) = postSolution
		SolutionGuid = {0749B5E0-2C0D-495E-86DE-549D477EFBBA}
	EndGlobalSection
EndGlobal
